<?xml version="1.0" encoding="utf-8"?>
<Project ToolsVersion="4.0" xmlns="http://schemas.microsoft.com/developer/msbuild/2003">
  <ItemGroup>
    <Filter Include="Source Files">
      <UniqueIdentifier>{4FC737F1-C7A5-4376-A066-2A32D752A2FF}</UniqueIdentifier>
      <Extensions>cpp;c;cc;cxx;def;odl;idl;hpj;bat;asm;asmx</Extensions>
    </Filter>
    <Filter Include="Header Files">
      <UniqueIdentifier>{93995380-89BD-4b04-88EB-625FBE52EBFB}</UniqueIdentifier>
      <Extensions>h;hh;hpp;hxx;hm;inl;inc;xsd</Extensions>
    </Filter>
    <Filter Include="Resource Files">
      <UniqueIdentifier>{67DA6AB6-F800-4c08-8B7A-83BB121AAD01}</UniqueIdentifier>
      <Extensions>rc;ico;cur;bmp;dlg;rc2;rct;bin;rgs;gif;jpg;jpeg;jpe;resx;tiff;tif;png;wav;mfcribbon-ms</Extensions>
    </Filter>
    <Filter Include="Header Files\Neurons">
      <UniqueIdentifier>{a9b40427-2b71-4e55-a99a-6828dd6c88f9}</UniqueIdentifier>
    </Filter>
    <Filter Include="Source Files\Neurons">
      <UniqueIdentifier>{60603ea3-e9fb-444a-94a3-6884ec90399c}</UniqueIdentifier>
    </Filter>
    <Filter Include="Header Files\Error Functions">
      <UniqueIdentifier>{01e4dc12-db6d-43c0-82d6-fe4f82ea7a44}</UniqueIdentifier>
    </Filter>
    <Filter Include="Source Files\Error Functions">
      <UniqueIdentifier>{bbc2e332-2b07-479e-a97c-14a47df78db6}</UniqueIdentifier>
    </Filter>
  </ItemGroup>
  <ItemGroup>
    <ClCompile Include="Source\Blob.cpp">
      <Filter>Source Files</Filter>
    </ClCompile>
    <ClCompile Include="Source\Board.cpp">
      <Filter>Source Files</Filter>
    </ClCompile>
    <ClCompile Include="Source\Clock.cpp">
      <Filter>Source Files</Filter>
    </ClCompile>
    <ClCompile Include="Source\ErrorFunction.cpp">
      <Filter>Source Files</Filter>
    </ClCompile>
    <ClCompile Include="Source\Main.cpp">
      <Filter>Source Files</Filter>
    </ClCompile>
    <ClCompile Include="Source\Neuron.cpp">
      <Filter>Source Files</Filter>
    </ClCompile>
    <ClCompile Include="Source\Tensor.cpp">
      <Filter>Source Files</Filter>
    </ClCompile>
    <ClCompile Include="Source\Tests.cpp">
      <Filter>Source Files</Filter>
    </ClCompile>
    <ClCompile Include="Source\UtilFuncs.cpp">
      <Filter>Source Files</Filter>
    </ClCompile>
    <ClCompile Include="Source\Neurons\Col2ImNeuron.cpp">
      <Filter>Source Files\Neurons</Filter>
    </ClCompile>
    <ClCompile Include="Source\Neurons\ConvNeuron.cpp">
      <Filter>Source Files\Neurons</Filter>
    </ClCompile>
    <ClCompile Include="Source\Neurons\FullyConnectedNeuron.cpp">
      <Filter>Source Files\Neurons</Filter>
    </ClCompile>
    <ClCompile Include="Source\Neurons\Im2ColNeuron.cpp">
      <Filter>Source Files\Neurons</Filter>
    </ClCompile>
    <ClCompile Include="Source\Neurons\SigmoidNeuron.cpp">
      <Filter>Source Files\Neurons</Filter>
    </ClCompile>
    <ClCompile Include="Source\Neurons\TanhNeuron.cpp">
      <Filter>Source Files\Neurons</Filter>
    </ClCompile>
    <ClCompile Include="Source\ErrorFunctions\MeanSquaredError.cpp">
      <Filter>Source Files\Error Functions</Filter>
    </ClCompile>
    <ClCompile Include="Source\Neurons\ReshapeNeuron.cpp">
      <Filter>Source Files</Filter>
    </ClCompile>
    <ClCompile Include="Source\Neurons\LeakyReLUNeuron.cpp">
      <Filter>Source Files</Filter>
    </ClCompile>
    <ClCompile Include="Source\Optimizers\StandardOptimizer.cpp">
      <Filter>Source Files</Filter>
    </ClCompile>
    <ClCompile Include="Source\Optimizer.cpp">
      <Filter>Source Files</Filter>
    </ClCompile>
    <ClCompile Include="Source\Optimizers\AdamOptimizer.cpp">
      <Filter>Source Files</Filter>
    </ClCompile>
    <ClCompile Include="Source\TensorShape.cpp">
      <Filter>Source Files</Filter>
    </ClCompile>
    <ClCompile Include="Source\Neurons\KingNeuron.cpp">
      <Filter>Source Files</Filter>
    </ClCompile>
    <ClCompile Include="Source\Neurons\RankNeuron.cpp">
      <Filter>Source Files</Filter>
    </ClCompile>
    <ClCompile Include="Source\Neurons\FileNeuron.cpp">
      <Filter>Source Files</Filter>
    </ClCompile>
    <ClCompile Include="Source\ErrorFunctions\L1Error.cpp">
      <Filter>Source Files</Filter>
    </ClCompile>
    <ClCompile Include="Source\ErrorFunctions\UnitError.cpp">
      <Filter>Source Files</Filter>
    </ClCompile>
    <ClCompile Include="Source\Neurons\DiagNeuron.cpp">
      <Filter>Source Files</Filter>
    </ClCompile>
    <ClCompile Include="Source\Neurons\StepNeuron.cpp">
      <Filter>Source Files</Filter>
    </ClCompile>
    <ClCompile Include="Source\ErrorFunctions\CrossEntropyError.cpp">
      <Filter>Source Files</Filter>
    </ClCompile>
    <ClCompile Include="Source\Neurons\KnightNeuron.cpp">
      <Filter>Source Files</Filter>
    </ClCompile>
    <ClCompile Include="Source\Initializer.cpp">
      <Filter>Source Files</Filter>
    </ClCompile>
    <ClCompile Include="Source\Initializers\RangeInitializer.cpp">
      <Filter>Source Files</Filter>
    </ClCompile>
  </ItemGroup>
  <ItemGroup>
    <ClInclude Include="Source\Blob.h">
      <Filter>Header Files</Filter>
    </ClInclude>
    <ClInclude Include="Source\Board.h">
      <Filter>Header Files</Filter>
    </ClInclude>
    <ClInclude Include="Source\Clock.h">
      <Filter>Header Files</Filter>
    </ClInclude>
    <ClInclude Include="Source\ErrorFunction.h">
      <Filter>Header Files</Filter>
    </ClInclude>
    <ClInclude Include="Source\Neuron.h">
      <Filter>Header Files</Filter>
    </ClInclude>
    <ClInclude Include="Source\Tensor.h">
      <Filter>Header Files</Filter>
    </ClInclude>
    <ClInclude Include="Source\Tests.h">
      <Filter>Header Files</Filter>
    </ClInclude>
    <ClInclude Include="Source\Typedefs.h">
      <Filter>Header Files</Filter>
    </ClInclude>
    <ClInclude Include="Source\UtilFuncs.h">
      <Filter>Header Files</Filter>
    </ClInclude>
    <ClInclude Include="Source\Neurons\Col2ImNeuron.h">
      <Filter>Header Files\Neurons</Filter>
    </ClInclude>
    <ClInclude Include="Source\Neurons\ConvNeuron.h">
      <Filter>Header Files\Neurons</Filter>
    </ClInclude>
    <ClInclude Include="Source\Neurons\FullyConnectedNeuron.h">
      <Filter>Header Files\Neurons</Filter>
    </ClInclude>
    <ClInclude Include="Source\Neurons\Im2ColNeuron.h">
      <Filter>Header Files\Neurons</Filter>
    </ClInclude>
    <ClInclude Include="Source\Neurons\SigmoidNeuron.h">
      <Filter>Header Files\Neurons</Filter>
    </ClInclude>
    <ClInclude Include="Source\Neurons\TanhNeuron.h">
      <Filter>Header Files\Neurons</Filter>
    </ClInclude>
    <ClInclude Include="Source\ErrorFunctions\MeanSquaredError.h">
      <Filter>Header Files\Error Functions</Filter>
    </ClInclude>
    <ClInclude Include="Source\Neurons\ReshapeNeuron.h">
      <Filter>Header Files</Filter>
    </ClInclude>
    <ClInclude Include="Source\Neurons\LeakyReLUNeuron.h">
      <Filter>Header Files</Filter>
    </ClInclude>
    <ClInclude Include="Source\Optimizers\StandardOptimizer.h">
      <Filter>Header Files</Filter>
    </ClInclude>
    <ClInclude Include="Source\Optimizer.h">
      <Filter>Header Files</Filter>
    </ClInclude>
    <ClInclude Include="Source\Optimizers\AdamOptimizer.h">
      <Filter>Header Files</Filter>
    </ClInclude>
    <ClInclude Include="Source\TensorShape.h">
      <Filter>Header Files</Filter>
    </ClInclude>
    <ClInclude Include="Source\Neurons\KingNeuron.h">
      <Filter>Header Files</Filter>
    </ClInclude>
    <ClInclude Include="Source\Neurons\RankNeuron.h">
      <Filter>Header Files</Filter>
    </ClInclude>
    <ClInclude Include="Source\Neurons\FileNeuron.h">
      <Filter>Header Files</Filter>
    </ClInclude>
    <ClInclude Include="Source\ErrorFunctions\L1Error.h">
      <Filter>Header Files</Filter>
    </ClInclude>
    <ClInclude Include="Source\ErrorFunctions\UnitError.h">
      <Filter>Header Files</Filter>
    </ClInclude>
    <ClInclude Include="Source\Neurons\DiagNeuron.h">
      <Filter>Header Files</Filter>
    </ClInclude>
    <ClInclude Include="Source\Neurons\StepNeuron.h">
      <Filter>Header Files</Filter>
    </ClInclude>
    <ClInclude Include="Source\ErrorFunctions\CrossEntropyError.h">
      <Filter>Header Files</Filter>
    </ClInclude>
    <ClInclude Include="Source\Neurons\KnightNeuron.h">
      <Filter>Header Files</Filter>
    </ClInclude>
    <ClInclude Include="Source\Initializer.h">
      <Filter>Header Files</Filter>
    </ClInclude>
    <ClInclude Include="Source\Initializers\RangeInitializer.h">
      <Filter>Header Files</Filter>
    </ClInclude>
  </ItemGroup>
  <ItemGroup>
    <None Include="Source\Kernels\matrix_funcs.cl" />
  </ItemGroup>
</Project>